{
  "name": "CubeTimer",
  "lockfileVersion": 2,
  "requires": true,
  "packages": {
    "": {
      "dependencies": {
        "umbrellajs": "^3.2.3"
      }
    },
    "node_modules/umbrellajs": {
      "version": "3.2.3",
      "resolved": "https://registry.npmjs.org/umbrellajs/-/umbrellajs-3.2.3.tgz",
      "integrity": "sha512-iqk8tR1hxyJiFPQG3Eslv129ZKwNuh96sjCnS1NXo2KzBBFxYc7/EdZVJZE/MPEjyR/vFEFIwBxzvr40yOgfAw==",
      "funding": {
        "url": "https://www.paypal.me/franciscopresencia/19"
      }
    }
  },
  "dependencies": {
    "umbrellajs": {
      "version": "3.2.3",
      "resolved": "https://registry.npmjs.org/umbrellajs/-/umbrellajs-3.2.3.tgz",
      "integrity": "sha512-iqk8tR1hxyJiFPQG3Eslv129ZKwNuh96sjCnS1NXo2KzBBFxYc7/EdZVJZE/MPEjyR/vFEFIwBxzvr40yOgfAw=="
    }
  }
}
